// !$*UTF8*$!
{
	archiveVersion = 1;
	classes = {
	};
	objectVersion = 70;
	objects = {

/* Begin PBXBuildFile section */
		6837B46A2CBCA9BB000344B5 /* ScanCluster.swift in Sources */ = {isa = PBXBuildFile; fileRef = 6837B4692CBCA9BB000344B5 /* ScanCluster.swift */; };
		6847436B2CA0809100EA3B49 /* Assets.xcassets in Resources */ = {isa = PBXBuildFile; fileRef = 6847436A2CA0809100EA3B49 /* Assets.xcassets */; };
		6847436E2CA0809100EA3B49 /* Preview Assets.xcassets in Resources */ = {isa = PBXBuildFile; fileRef = 6847436D2CA0809100EA3B49 /* Preview Assets.xcassets */; };
		684743762CA080B800EA3B49 /* CodeScanner in Frameworks */ = {isa = PBXBuildFile; productRef = 684743752CA080B800EA3B49 /* CodeScanner */; };
		684743A32CA0823500EA3B49 /* AddTextToImage.swift in Sources */ = {isa = PBXBuildFile; fileRef = 6847437F2CA080E600EA3B49 /* AddTextToImage.swift */; };
		684743A42CA0823500EA3B49 /* BarcodeGenerator.swift in Sources */ = {isa = PBXBuildFile; fileRef = 684743802CA080E600EA3B49 /* BarcodeGenerator.swift */; };
		684743A52CA0823500EA3B49 /* Extensions.swift in Sources */ = {isa = PBXBuildFile; fileRef = 684743812CA080E600EA3B49 /* Extensions.swift */; };
		684743A62CA0823500EA3B49 /* ImageSaver.swift in Sources */ = {isa = PBXBuildFile; fileRef = 684743822CA080E600EA3B49 /* ImageSaver.swift */; };
		684743A72CA0823500EA3B49 /* LocationFetcher.swift in Sources */ = {isa = PBXBuildFile; fileRef = 684743832CA080E600EA3B49 /* LocationFetcher.swift */; };
		684743A82CA0823500EA3B49 /* ZoomableScrollableImage.swift in Sources */ = {isa = PBXBuildFile; fileRef = 684743842CA080E600EA3B49 /* ZoomableScrollableImage.swift */; };
		684743AB2CA0823500EA3B49 /* CodeScanDataModel.swift in Sources */ = {isa = PBXBuildFile; fileRef = 6847437A2CA080DC00EA3B49 /* CodeScanDataModel.swift */; };
		684743AC2CA0823500EA3B49 /* CodeInCodeOutApp.swift in Sources */ = {isa = PBXBuildFile; fileRef = 684743662CA0809000EA3B49 /* CodeInCodeOutApp.swift */; };
		684743AE2CA0823500EA3B49 /* CodeScannerCameraView.swift in Sources */ = {isa = PBXBuildFile; fileRef = 6847438C2CA080F900EA3B49 /* CodeScannerCameraView.swift */; };
		684743AF2CA0823500EA3B49 /* DetailView.swift in Sources */ = {isa = PBXBuildFile; fileRef = 6847438D2CA080F900EA3B49 /* DetailView.swift */; };
		684743B02CA0823500EA3B49 /* GenerateCodeView.swift in Sources */ = {isa = PBXBuildFile; fileRef = 6847438E2CA080F900EA3B49 /* GenerateCodeView.swift */; };
		684743B12CA0823500EA3B49 /* MainTabView.swift in Sources */ = {isa = PBXBuildFile; fileRef = 6847438F2CA080F900EA3B49 /* MainTabView.swift */; };
		684743B22CA0823500EA3B49 /* MapSinglePinView.swift in Sources */ = {isa = PBXBuildFile; fileRef = 684743902CA080F900EA3B49 /* MapSinglePinView.swift */; };
		684743B32CA0823500EA3B49 /* ScannedCodeDataListView.swift in Sources */ = {isa = PBXBuildFile; fileRef = 684743912CA080F900EA3B49 /* ScannedCodeDataListView.swift */; };
		684743B42CA0823500EA3B49 /* SplashScreenView.swift in Sources */ = {isa = PBXBuildFile; fileRef = 684743922CA080F900EA3B49 /* SplashScreenView.swift */; };
		684743B52CA0823500EA3B49 /* StartContainerView.swift in Sources */ = {isa = PBXBuildFile; fileRef = 684743932CA080F900EA3B49 /* StartContainerView.swift */; };
		684743B62CA0823500EA3B49 /* ZoomableScrollableImageView.swift in Sources */ = {isa = PBXBuildFile; fileRef = 684743942CA080F900EA3B49 /* ZoomableScrollableImageView.swift */; };
		684743BA2CA0AD7D00EA3B49 /* AppStateManager.swift in Sources */ = {isa = PBXBuildFile; fileRef = 684743B92CA0AD7D00EA3B49 /* AppStateManager.swift */; };
		686D98542CB05AD400F8598B /* MapMultiPinArrayView.swift in Sources */ = {isa = PBXBuildFile; fileRef = 686D98532CB05AD400F8598B /* MapMultiPinArrayView.swift */; };
		686D98562CB05FA400F8598B /* MapTools.swift in Sources */ = {isa = PBXBuildFile; fileRef = 686D98552CB05FA400F8598B /* MapTools.swift */; };
		687719E72CAB26C60039F8E1 /* CodeScanSamples.swift in Sources */ = {isa = PBXBuildFile; fileRef = 687719E62CAB26C60039F8E1 /* CodeScanSamples.swift */; };
		687719E92CAB29620039F8E1 /* Preview.swift in Sources */ = {isa = PBXBuildFile; fileRef = 687719E82CAB29620039F8E1 /* Preview.swift */; };
/* End PBXBuildFile section */

/* Begin PBXFileReference section */
		680B21DB2CBDC4A9009EF9FC /* Info.plist */ = {isa = PBXFileReference; lastKnownFileType = text.plist; path = Info.plist; sourceTree = "<group>"; };
		6837B4692CBCA9BB000344B5 /* ScanCluster.swift */ = {isa = PBXFileReference; lastKnownFileType = sourcecode.swift; path = ScanCluster.swift; sourceTree = "<group>"; };
		684743632CA0809000EA3B49 /* CodeInCodeOut.app */ = {isa = PBXFileReference; explicitFileType = wrapper.application; includeInIndex = 0; path = CodeInCodeOut.app; sourceTree = BUILT_PRODUCTS_DIR; };
		684743662CA0809000EA3B49 /* CodeInCodeOutApp.swift */ = {isa = PBXFileReference; lastKnownFileType = sourcecode.swift; path = CodeInCodeOutApp.swift; sourceTree = "<group>"; };
		6847436A2CA0809100EA3B49 /* Assets.xcassets */ = {isa = PBXFileReference; lastKnownFileType = folder.assetcatalog; path = Assets.xcassets; sourceTree = "<group>"; };
		6847436D2CA0809100EA3B49 /* Preview Assets.xcassets */ = {isa = PBXFileReference; lastKnownFileType = folder.assetcatalog; path = "Preview Assets.xcassets"; sourceTree = "<group>"; };
		6847437A2CA080DC00EA3B49 /* CodeScanDataModel.swift */ = {isa = PBXFileReference; fileEncoding = 4; lastKnownFileType = sourcecode.swift; path = CodeScanDataModel.swift; sourceTree = "<group>"; };
		6847437F2CA080E600EA3B49 /* AddTextToImage.swift */ = {isa = PBXFileReference; fileEncoding = 4; lastKnownFileType = sourcecode.swift; path = AddTextToImage.swift; sourceTree = "<group>"; };
		684743802CA080E600EA3B49 /* BarcodeGenerator.swift */ = {isa = PBXFileReference; fileEncoding = 4; lastKnownFileType = sourcecode.swift; path = BarcodeGenerator.swift; sourceTree = "<group>"; };
		684743812CA080E600EA3B49 /* Extensions.swift */ = {isa = PBXFileReference; fileEncoding = 4; lastKnownFileType = sourcecode.swift; path = Extensions.swift; sourceTree = "<group>"; };
		684743822CA080E600EA3B49 /* ImageSaver.swift */ = {isa = PBXFileReference; fileEncoding = 4; lastKnownFileType = sourcecode.swift; path = ImageSaver.swift; sourceTree = "<group>"; };
		684743832CA080E600EA3B49 /* LocationFetcher.swift */ = {isa = PBXFileReference; fileEncoding = 4; lastKnownFileType = sourcecode.swift; path = LocationFetcher.swift; sourceTree = "<group>"; };
		684743842CA080E600EA3B49 /* ZoomableScrollableImage.swift */ = {isa = PBXFileReference; fileEncoding = 4; lastKnownFileType = sourcecode.swift; path = ZoomableScrollableImage.swift; sourceTree = "<group>"; };
		6847438C2CA080F900EA3B49 /* CodeScannerCameraView.swift */ = {isa = PBXFileReference; fileEncoding = 4; lastKnownFileType = sourcecode.swift; path = CodeScannerCameraView.swift; sourceTree = "<group>"; };
		6847438D2CA080F900EA3B49 /* DetailView.swift */ = {isa = PBXFileReference; fileEncoding = 4; lastKnownFileType = sourcecode.swift; path = DetailView.swift; sourceTree = "<group>"; };
		6847438E2CA080F900EA3B49 /* GenerateCodeView.swift */ = {isa = PBXFileReference; fileEncoding = 4; lastKnownFileType = sourcecode.swift; path = GenerateCodeView.swift; sourceTree = "<group>"; };
		6847438F2CA080F900EA3B49 /* MainTabView.swift */ = {isa = PBXFileReference; fileEncoding = 4; lastKnownFileType = sourcecode.swift; path = MainTabView.swift; sourceTree = "<group>"; };
		684743902CA080F900EA3B49 /* MapSinglePinView.swift */ = {isa = PBXFileReference; fileEncoding = 4; lastKnownFileType = sourcecode.swift; path = MapSinglePinView.swift; sourceTree = "<group>"; };
		684743912CA080F900EA3B49 /* ScannedCodeDataListView.swift */ = {isa = PBXFileReference; fileEncoding = 4; lastKnownFileType = sourcecode.swift; path = ScannedCodeDataListView.swift; sourceTree = "<group>"; };
		684743922CA080F900EA3B49 /* SplashScreenView.swift */ = {isa = PBXFileReference; fileEncoding = 4; lastKnownFileType = sourcecode.swift; path = SplashScreenView.swift; sourceTree = "<group>"; };
		684743932CA080F900EA3B49 /* StartContainerView.swift */ = {isa = PBXFileReference; fileEncoding = 4; lastKnownFileType = sourcecode.swift; path = StartContainerView.swift; sourceTree = "<group>"; };
		684743942CA080F900EA3B49 /* ZoomableScrollableImageView.swift */ = {isa = PBXFileReference; fileEncoding = 4; lastKnownFileType = sourcecode.swift; path = ZoomableScrollableImageView.swift; sourceTree = "<group>"; };
		684743B92CA0AD7D00EA3B49 /* AppStateManager.swift */ = {isa = PBXFileReference; lastKnownFileType = sourcecode.swift; path = AppStateManager.swift; sourceTree = "<group>"; };
		686D98532CB05AD400F8598B /* MapMultiPinArrayView.swift */ = {isa = PBXFileReference; lastKnownFileType = sourcecode.swift; path = MapMultiPinArrayView.swift; sourceTree = "<group>"; };
		686D98552CB05FA400F8598B /* MapTools.swift */ = {isa = PBXFileReference; lastKnownFileType = sourcecode.swift; path = MapTools.swift; sourceTree = "<group>"; };
		687719E62CAB26C60039F8E1 /* CodeScanSamples.swift */ = {isa = PBXFileReference; lastKnownFileType = sourcecode.swift; path = CodeScanSamples.swift; sourceTree = "<group>"; };
		687719E82CAB29620039F8E1 /* Preview.swift */ = {isa = PBXFileReference; lastKnownFileType = sourcecode.swift; path = Preview.swift; sourceTree = "<group>"; };
/* End PBXFileReference section */

/* Begin PBXFileSystemSynchronizedRootGroup section */
		680B21D82CBDC379009EF9FC /* Font */ = {isa = PBXFileSystemSynchronizedRootGroup; explicitFileTypes = {}; explicitFolders = (); path = Font; sourceTree = "<group>"; };
		6837B4792CBD8393000344B5 /* ViewComponents */ = {isa = PBXFileSystemSynchronizedRootGroup; explicitFileTypes = {}; explicitFolders = (); path = ViewComponents; sourceTree = "<group>"; };
/* End PBXFileSystemSynchronizedRootGroup section */

/* Begin PBXFrameworksBuildPhase section */
		684743602CA0809000EA3B49 /* Frameworks */ = {
			isa = PBXFrameworksBuildPhase;
			buildActionMask = 2147483647;
			files = (
				684743762CA080B800EA3B49 /* CodeScanner in Frameworks */,
			);
			runOnlyForDeploymentPostprocessing = 0;
		};
/* End PBXFrameworksBuildPhase section */

/* Begin PBXGroup section */
		6847435A2CA0809000EA3B49 = {
			isa = PBXGroup;
			children = (
				684743652CA0809000EA3B49 /* CodeInCodeOut */,
				684743642CA0809000EA3B49 /* Products */,
			);
			sourceTree = "<group>";
		};
		684743642CA0809000EA3B49 /* Products */ = {
			isa = PBXGroup;
			children = (
				684743632CA0809000EA3B49 /* CodeInCodeOut.app */,
			);
			name = Products;
			sourceTree = "<group>";
		};
		684743652CA0809000EA3B49 /* CodeInCodeOut */ = {
			isa = PBXGroup;
			children = (
				680B21DB2CBDC4A9009EF9FC /* Info.plist */,
				680B21D82CBDC379009EF9FC /* Font */,
				684743662CA0809000EA3B49 /* CodeInCodeOutApp.swift */,
				6847437B2CA080DC00EA3B49 /* Models */,
				684743852CA080E600EA3B49 /* Utils */,
				684743952CA080F900EA3B49 /* Views */,
				6847436A2CA0809100EA3B49 /* Assets.xcassets */,
				6847436C2CA0809100EA3B49 /* Preview Content */,
			);
			path = CodeInCodeOut;
			sourceTree = "<group>";
		};
		6847436C2CA0809100EA3B49 /* Preview Content */ = {
			isa = PBXGroup;
			children = (
				6847436D2CA0809100EA3B49 /* Preview Assets.xcassets */,
				687719E62CAB26C60039F8E1 /* CodeScanSamples.swift */,
				687719E82CAB29620039F8E1 /* Preview.swift */,
			);
			path = "Preview Content";
			sourceTree = "<group>";
		};
		6847437B2CA080DC00EA3B49 /* Models */ = {
			isa = PBXGroup;
			children = (
				6847437A2CA080DC00EA3B49 /* CodeScanDataModel.swift */,
				6837B4692CBCA9BB000344B5 /* ScanCluster.swift */,
			);
			path = Models;
			sourceTree = "<group>";
		};
		684743852CA080E600EA3B49 /* Utils */ = {
			isa = PBXGroup;
			children = (
				6847437F2CA080E600EA3B49 /* AddTextToImage.swift */,
				684743802CA080E600EA3B49 /* BarcodeGenerator.swift */,
				684743812CA080E600EA3B49 /* Extensions.swift */,
				684743822CA080E600EA3B49 /* ImageSaver.swift */,
				684743832CA080E600EA3B49 /* LocationFetcher.swift */,
				684743842CA080E600EA3B49 /* ZoomableScrollableImage.swift */,
				684743B92CA0AD7D00EA3B49 /* AppStateManager.swift */,
				686D98552CB05FA400F8598B /* MapTools.swift */,
			);
			path = Utils;
			sourceTree = "<group>";
		};
		684743952CA080F900EA3B49 /* Views */ = {
			isa = PBXGroup;
			children = (
				6837B4792CBD8393000344B5 /* ViewComponents */,
				6847438C2CA080F900EA3B49 /* CodeScannerCameraView.swift */,
				6847438D2CA080F900EA3B49 /* DetailView.swift */,
				6847438E2CA080F900EA3B49 /* GenerateCodeView.swift */,
				6847438F2CA080F900EA3B49 /* MainTabView.swift */,
				684743902CA080F900EA3B49 /* MapSinglePinView.swift */,
				686D98532CB05AD400F8598B /* MapMultiPinArrayView.swift */,
				684743912CA080F900EA3B49 /* ScannedCodeDataListView.swift */,
				684743922CA080F900EA3B49 /* SplashScreenView.swift */,
				684743932CA080F900EA3B49 /* StartContainerView.swift */,
				684743942CA080F900EA3B49 /* ZoomableScrollableImageView.swift */,
			);
			path = Views;
			sourceTree = "<group>";
		};
/* End PBXGroup section */

/* Begin PBXNativeTarget section */
		684743622CA0809000EA3B49 /* CodeInCodeOut */ = {
			isa = PBXNativeTarget;
			buildConfigurationList = 684743712CA0809100EA3B49 /* Build configuration list for PBXNativeTarget "CodeInCodeOut" */;
			buildPhases = (
				684743602CA0809000EA3B49 /* Frameworks */,
				684743612CA0809000EA3B49 /* Resources */,
				684743A22CA0822100EA3B49 /* Sources */,
			);
			buildRules = (
			);
			dependencies = (
			);
			fileSystemSynchronizedGroups = (
				680B21D82CBDC379009EF9FC /* Font */,
				6837B4792CBD8393000344B5 /* ViewComponents */,
			);
			name = CodeInCodeOut;
			packageProductDependencies = (
				684743752CA080B800EA3B49 /* CodeScanner */,
			);
			productName = CodeInCodeOut;
			productReference = 684743632CA0809000EA3B49 /* CodeInCodeOut.app */;
			productType = "com.apple.product-type.application";
		};
/* End PBXNativeTarget section */

/* Begin PBXProject section */
		6847435B2CA0809000EA3B49 /* Project object */ = {
			isa = PBXProject;
			attributes = {
				BuildIndependentTargetsInParallel = 1;
				LastSwiftUpdateCheck = 1540;
				LastUpgradeCheck = 1540;
				TargetAttributes = {
					684743622CA0809000EA3B49 = {
						CreatedOnToolsVersion = 15.4;
					};
				};
			};
			buildConfigurationList = 6847435E2CA0809000EA3B49 /* Build configuration list for PBXProject "CodeInCodeOut" */;
			compatibilityVersion = "Xcode 14.0";
			developmentRegion = en;
			hasScannedForEncodings = 0;
			knownRegions = (
				en,
				Base,
			);
			mainGroup = 6847435A2CA0809000EA3B49;
			packageReferences = (
				684743742CA080B800EA3B49 /* XCRemoteSwiftPackageReference "codescanner" */,
			);
			productRefGroup = 684743642CA0809000EA3B49 /* Products */;
			projectDirPath = "";
			projectRoot = "";
			targets = (
				684743622CA0809000EA3B49 /* CodeInCodeOut */,
			);
		};
/* End PBXProject section */

/* Begin PBXResourcesBuildPhase section */
		684743612CA0809000EA3B49 /* Resources */ = {
			isa = PBXResourcesBuildPhase;
			buildActionMask = 2147483647;
			files = (
				6847436E2CA0809100EA3B49 /* Preview Assets.xcassets in Resources */,
				6847436B2CA0809100EA3B49 /* Assets.xcassets in Resources */,
			);
			runOnlyForDeploymentPostprocessing = 0;
		};
/* End PBXResourcesBuildPhase section */

/* Begin PBXSourcesBuildPhase section */
		684743A22CA0822100EA3B49 /* Sources */ = {
			isa = PBXSourcesBuildPhase;
			buildActionMask = 2147483647;
			files = (
				684743A32CA0823500EA3B49 /* AddTextToImage.swift in Sources */,
				684743A42CA0823500EA3B49 /* BarcodeGenerator.swift in Sources */,
				687719E92CAB29620039F8E1 /* Preview.swift in Sources */,
				6837B46A2CBCA9BB000344B5 /* ScanCluster.swift in Sources */,
				684743A52CA0823500EA3B49 /* Extensions.swift in Sources */,
				684743A62CA0823500EA3B49 /* ImageSaver.swift in Sources */,
				684743A72CA0823500EA3B49 /* LocationFetcher.swift in Sources */,
				686D98542CB05AD400F8598B /* MapMultiPinArrayView.swift in Sources */,
				684743A82CA0823500EA3B49 /* ZoomableScrollableImage.swift in Sources */,
				684743AB2CA0823500EA3B49 /* CodeScanDataModel.swift in Sources */,
				684743AC2CA0823500EA3B49 /* CodeInCodeOutApp.swift in Sources */,
				686D98562CB05FA400F8598B /* MapTools.swift in Sources */,
				687719E72CAB26C60039F8E1 /* CodeScanSamples.swift in Sources */,
				684743BA2CA0AD7D00EA3B49 /* AppStateManager.swift in Sources */,
				684743AE2CA0823500EA3B49 /* CodeScannerCameraView.swift in Sources */,
				684743AF2CA0823500EA3B49 /* DetailView.swift in Sources */,
				684743B02CA0823500EA3B49 /* GenerateCodeView.swift in Sources */,
				684743B12CA0823500EA3B49 /* MainTabView.swift in Sources */,
				684743B22CA0823500EA3B49 /* MapSinglePinView.swift in Sources */,
				684743B32CA0823500EA3B49 /* ScannedCodeDataListView.swift in Sources */,
				684743B42CA0823500EA3B49 /* SplashScreenView.swift in Sources */,
				684743B52CA0823500EA3B49 /* StartContainerView.swift in Sources */,
				684743B62CA0823500EA3B49 /* ZoomableScrollableImageView.swift in Sources */,
			);
			runOnlyForDeploymentPostprocessing = 0;
		};
/* End PBXSourcesBuildPhase section */

/* Begin XCBuildConfiguration section */
		6847436F2CA0809100EA3B49 /* Debug */ = {
			isa = XCBuildConfiguration;
			buildSettings = {
				ALWAYS_SEARCH_USER_PATHS = NO;
				ASSETCATALOG_COMPILER_GENERATE_SWIFT_ASSET_SYMBOL_EXTENSIONS = YES;
				CLANG_ANALYZER_NONNULL = YES;
				CLANG_ANALYZER_NUMBER_OBJECT_CONVERSION = YES_AGGRESSIVE;
				CLANG_CXX_LANGUAGE_STANDARD = "gnu++20";
				CLANG_ENABLE_MODULES = YES;
				CLANG_ENABLE_OBJC_ARC = YES;
				CLANG_ENABLE_OBJC_WEAK = YES;
				CLANG_WARN_BLOCK_CAPTURE_AUTORELEASING = YES;
				CLANG_WARN_BOOL_CONVERSION = YES;
				CLANG_WARN_COMMA = YES;
				CLANG_WARN_CONSTANT_CONVERSION = YES;
				CLANG_WARN_DEPRECATED_OBJC_IMPLEMENTATIONS = YES;
				CLANG_WARN_DIRECT_OBJC_ISA_USAGE = YES_ERROR;
				CLANG_WARN_DOCUMENTATION_COMMENTS = YES;
				CLANG_WARN_EMPTY_BODY = YES;
				CLANG_WARN_ENUM_CONVERSION = YES;
				CLANG_WARN_INFINITE_RECURSION = YES;
				CLANG_WARN_INT_CONVERSION = YES;
				CLANG_WARN_NON_LITERAL_NULL_CONVERSION = YES;
				CLANG_WARN_OBJC_IMPLICIT_RETAIN_SELF = YES;
				CLANG_WARN_OBJC_LITERAL_CONVERSION = YES;
				CLANG_WARN_OBJC_ROOT_CLASS = YES_ERROR;
				CLANG_WARN_QUOTED_INCLUDE_IN_FRAMEWORK_HEADER = YES;
				CLANG_WARN_RANGE_LOOP_ANALYSIS = YES;
				CLANG_WARN_STRICT_PROTOTYPES = YES;
				CLANG_WARN_SUSPICIOUS_MOVE = YES;
				CLANG_WARN_UNGUARDED_AVAILABILITY = YES_AGGRESSIVE;
				CLANG_WARN_UNREACHABLE_CODE = YES;
				CLANG_WARN__DUPLICATE_METHOD_MATCH = YES;
				COPY_PHASE_STRIP = NO;
				DEBUG_INFORMATION_FORMAT = dwarf;
				ENABLE_STRICT_OBJC_MSGSEND = YES;
				ENABLE_TESTABILITY = YES;
				ENABLE_USER_SCRIPT_SANDBOXING = YES;
				GCC_C_LANGUAGE_STANDARD = gnu17;
				GCC_DYNAMIC_NO_PIC = NO;
				GCC_NO_COMMON_BLOCKS = YES;
				GCC_OPTIMIZATION_LEVEL = 0;
				GCC_PREPROCESSOR_DEFINITIONS = (
					"DEBUG=1",
					"$(inherited)",
				);
				GCC_WARN_64_TO_32_BIT_CONVERSION = YES;
				GCC_WARN_ABOUT_RETURN_TYPE = YES_ERROR;
				GCC_WARN_UNDECLARED_SELECTOR = YES;
				GCC_WARN_UNINITIALIZED_AUTOS = YES_AGGRESSIVE;
				GCC_WARN_UNUSED_FUNCTION = YES;
				GCC_WARN_UNUSED_VARIABLE = YES;
				IPHONEOS_DEPLOYMENT_TARGET = 17.5;
				LOCALIZATION_PREFERS_STRING_CATALOGS = YES;
				MTL_ENABLE_DEBUG_INFO = INCLUDE_SOURCE;
				MTL_FAST_MATH = YES;
				ONLY_ACTIVE_ARCH = YES;
				SDKROOT = iphoneos;
				SWIFT_ACTIVE_COMPILATION_CONDITIONS = "DEBUG $(inherited)";
				SWIFT_OPTIMIZATION_LEVEL = "-Onone";
				SWIFT_VERSION = 5.0;
			};
			name = Debug;
		};
		684743702CA0809100EA3B49 /* Release */ = {
			isa = XCBuildConfiguration;
			buildSettings = {
				ALWAYS_SEARCH_USER_PATHS = NO;
				ASSETCATALOG_COMPILER_GENERATE_SWIFT_ASSET_SYMBOL_EXTENSIONS = YES;
				CLANG_ANALYZER_NONNULL = YES;
				CLANG_ANALYZER_NUMBER_OBJECT_CONVERSION = YES_AGGRESSIVE;
				CLANG_CXX_LANGUAGE_STANDARD = "gnu++20";
				CLANG_ENABLE_MODULES = YES;
				CLANG_ENABLE_OBJC_ARC = YES;
				CLANG_ENABLE_OBJC_WEAK = YES;
				CLANG_WARN_BLOCK_CAPTURE_AUTORELEASING = YES;
				CLANG_WARN_BOOL_CONVERSION = YES;
				CLANG_WARN_COMMA = YES;
				CLANG_WARN_CONSTANT_CONVERSION = YES;
				CLANG_WARN_DEPRECATED_OBJC_IMPLEMENTATIONS = YES;
				CLANG_WARN_DIRECT_OBJC_ISA_USAGE = YES_ERROR;
				CLANG_WARN_DOCUMENTATION_COMMENTS = YES;
				CLANG_WARN_EMPTY_BODY = YES;
				CLANG_WARN_ENUM_CONVERSION = YES;
				CLANG_WARN_INFINITE_RECURSION = YES;
				CLANG_WARN_INT_CONVERSION = YES;
				CLANG_WARN_NON_LITERAL_NULL_CONVERSION = YES;
				CLANG_WARN_OBJC_IMPLICIT_RETAIN_SELF = YES;
				CLANG_WARN_OBJC_LITERAL_CONVERSION = YES;
				CLANG_WARN_OBJC_ROOT_CLASS = YES_ERROR;
				CLANG_WARN_QUOTED_INCLUDE_IN_FRAMEWORK_HEADER = YES;
				CLANG_WARN_RANGE_LOOP_ANALYSIS = YES;
				CLANG_WARN_STRICT_PROTOTYPES = YES;
				CLANG_WARN_SUSPICIOUS_MOVE = YES;
				CLANG_WARN_UNGUARDED_AVAILABILITY = YES_AGGRESSIVE;
				CLANG_WARN_UNREACHABLE_CODE = YES;
				CLANG_WARN__DUPLICATE_METHOD_MATCH = YES;
				COPY_PHASE_STRIP = NO;
				DEBUG_INFORMATION_FORMAT = "dwarf-with-dsym";
				ENABLE_NS_ASSERTIONS = NO;
				ENABLE_STRICT_OBJC_MSGSEND = YES;
				ENABLE_USER_SCRIPT_SANDBOXING = YES;
				GCC_C_LANGUAGE_STANDARD = gnu17;
				GCC_NO_COMMON_BLOCKS = YES;
				GCC_WARN_64_TO_32_BIT_CONVERSION = YES;
				GCC_WARN_ABOUT_RETURN_TYPE = YES_ERROR;
				GCC_WARN_UNDECLARED_SELECTOR = YES;
				GCC_WARN_UNINITIALIZED_AUTOS = YES_AGGRESSIVE;
				GCC_WARN_UNUSED_FUNCTION = YES;
				GCC_WARN_UNUSED_VARIABLE = YES;
				IPHONEOS_DEPLOYMENT_TARGET = 17.5;
				LOCALIZATION_PREFERS_STRING_CATALOGS = YES;
				MTL_ENABLE_DEBUG_INFO = NO;
				MTL_FAST_MATH = YES;
				SDKROOT = iphoneos;
				SWIFT_COMPILATION_MODE = wholemodule;
				SWIFT_VERSION = 5.0;
				VALIDATE_PRODUCT = YES;
			};
			name = Release;
		};
		684743722CA0809100EA3B49 /* Debug */ = {
			isa = XCBuildConfiguration;
			buildSettings = {
				ASSETCATALOG_COMPILER_APPICON_NAME = AppIcon;
				ASSETCATALOG_COMPILER_GLOBAL_ACCENT_COLOR_NAME = AccentColor;
				CODE_SIGN_STYLE = Automatic;
				CURRENT_PROJECT_VERSION = 1;
				DEVELOPMENT_ASSET_PATHS = "\"CodeInCodeOut/Preview Content\"";
				DEVELOPMENT_TEAM = X4N47N3Y9H;
				ENABLE_PREVIEWS = YES;
				GENERATE_INFOPLIST_FILE = YES;
				INFOPLIST_FILE = CodeInCodeOut/Info.plist;
				INFOPLIST_KEY_CFBundleDisplayName = CodeInCodeOut;
				INFOPLIST_KEY_LSApplicationCategoryType = "public.app-category.utilities";
				INFOPLIST_KEY_NSCameraUsageDescription = "Camera access is needed to scan barcodes";
				INFOPLIST_KEY_NSLocationWhenInUseUsageDescription = "Location access is needed to store locaion of barcode scans";
				INFOPLIST_KEY_NSPhotoLibraryUsageDescription = "Photo library access is needed to store generated barcode images";
				INFOPLIST_KEY_UIApplicationSceneManifest_Generation = YES;
				INFOPLIST_KEY_UIApplicationSupportsIndirectInputEvents = YES;
				INFOPLIST_KEY_UILaunchScreen_Generation = YES;
				INFOPLIST_KEY_UISupportedInterfaceOrientations = UIInterfaceOrientationPortrait;
				INFOPLIST_KEY_UISupportedInterfaceOrientations_iPad = "UIInterfaceOrientationLandscapeLeft UIInterfaceOrientationLandscapeRight UIInterfaceOrientationPortrait UIInterfaceOrientationPortraitUpsideDown";
				LD_RUNPATH_SEARCH_PATHS = (
					"$(inherited)",
					"@executable_path/Frameworks",
				);
				MARKETING_VERSION = 1.1;
				PRODUCT_BUNDLE_IDENTIFIER = com.obrien.CodeInCodeOut;
				PRODUCT_NAME = "$(TARGET_NAME)";
				SUPPORTED_PLATFORMS = "iphoneos iphonesimulator";
				SUPPORTS_MACCATALYST = NO;
				SUPPORTS_MAC_DESIGNED_FOR_IPHONE_IPAD = NO;
				SUPPORTS_XR_DESIGNED_FOR_IPHONE_IPAD = NO;
				SWIFT_EMIT_LOC_STRINGS = YES;
				SWIFT_VERSION = 5.0;
				TARGETED_DEVICE_FAMILY = "1,2";
			};
			name = Debug;
		};
		684743732CA0809100EA3B49 /* Release */ = {
			isa = XCBuildConfiguration;
			buildSettings = {
				ASSETCATALOG_COMPILER_APPICON_NAME = AppIcon;
				ASSETCATALOG_COMPILER_GLOBAL_ACCENT_COLOR_NAME = AccentColor;
				CODE_SIGN_STYLE = Automatic;
				CURRENT_PROJECT_VERSION = 1;
				DEVELOPMENT_ASSET_PATHS = "\"CodeInCodeOut/Preview Content\"";
				DEVELOPMENT_TEAM = X4N47N3Y9H;
				ENABLE_PREVIEWS = YES;
				GENERATE_INFOPLIST_FILE = YES;
				INFOPLIST_FILE = CodeInCodeOut/Info.plist;
				INFOPLIST_KEY_CFBundleDisplayName = CodeInCodeOut;
				INFOPLIST_KEY_LSApplicationCategoryType = "public.app-category.utilities";
				INFOPLIST_KEY_NSCameraUsageDescription = "Camera access is needed to scan barcodes";
				INFOPLIST_KEY_NSLocationWhenInUseUsageDescription = "Location access is needed to store locaion of barcode scans";
				INFOPLIST_KEY_NSPhotoLibraryUsageDescription = "Photo library access is needed to store generated barcode images";
				INFOPLIST_KEY_UIApplicationSceneManifest_Generation = YES;
				INFOPLIST_KEY_UIApplicationSupportsIndirectInputEvents = YES;
				INFOPLIST_KEY_UILaunchScreen_Generation = YES;
				INFOPLIST_KEY_UISupportedInterfaceOrientations = UIInterfaceOrientationPortrait;
				INFOPLIST_KEY_UISupportedInterfaceOrientations_iPad = "UIInterfaceOrientationLandscapeLeft UIInterfaceOrientationLandscapeRight UIInterfaceOrientationPortrait UIInterfaceOrientationPortraitUpsideDown";
				LD_RUNPATH_SEARCH_PATHS = (
					"$(inherited)",
					"@executable_path/Frameworks",
				);
				MARKETING_VERSION = 1.1;
				PRODUCT_BUNDLE_IDENTIFIER = com.obrien.CodeInCodeOut;
				PRODUCT_NAME = "$(TARGET_NAME)";
				SUPPORTED_PLATFORMS = "iphoneos iphonesimulator";
				SUPPORTS_MACCATALYST = NO;
				SUPPORTS_MAC_DESIGNED_FOR_IPHONE_IPAD = NO;
				SUPPORTS_XR_DESIGNED_FOR_IPHONE_IPAD = NO;
				SWIFT_EMIT_LOC_STRINGS = YES;
				SWIFT_VERSION = 5.0;
				TARGETED_DEVICE_FAMILY = "1,2";
			};
			name = Release;
		};
/* End XCBuildConfiguration section */

/* Begin XCConfigurationList section */
		6847435E2CA0809000EA3B49 /* Build configuration list for PBXProject "CodeInCodeOut" */ = {
			isa = XCConfigurationList;
			buildConfigurations = (
				6847436F2CA0809100EA3B49 /* Debug */,
				684743702CA0809100EA3B49 /* Release */,
			);
			defaultConfigurationIsVisible = 0;
			defaultConfigurationName = Release;
		};
		684743712CA0809100EA3B49 /* Build configuration list for PBXNativeTarget "CodeInCodeOut" */ = {
			isa = XCConfigurationList;
			buildConfigurations = (
				684743722CA0809100EA3B49 /* Debug */,
				684743732CA0809100EA3B49 /* Release */,
			);
			defaultConfigurationIsVisible = 0;
			defaultConfigurationName = Release;
		};
/* End XCConfigurationList section */

/* Begin XCRemoteSwiftPackageReference section */
		684743742CA080B800EA3B49 /* XCRemoteSwiftPackageReference "codescanner" */ = {
			isa = XCRemoteSwiftPackageReference;
			repositoryURL = "https://github.com/twostraws/codescanner";
			requirement = {
				kind = upToNextMajorVersion;
				minimumVersion = 2.5.1;
			};
		};
/* End XCRemoteSwiftPackageReference section */

/* Begin XCSwiftPackageProductDependency section */
		684743752CA080B800EA3B49 /* CodeScanner */ = {
			isa = XCSwiftPackageProductDependency;
			package = 684743742CA080B800EA3B49 /* XCRemoteSwiftPackageReference "codescanner" */;
			productName = CodeScanner;
		};
/* End XCSwiftPackageProductDependency section */
	};
	rootObject = 6847435B2CA0809000EA3B49 /* Project object */;
}
